
Microsoft Visual Studio Solution File, Format Version 12.00
# Visual Studio Version 16
VisualStudioVersion = 16.0.31112.23
MinimumVisualStudioVersion = 10.0.40219.1
Project("{9A19103F-16F7-4668-BE54-9A1E7A4F7556}") = "FormPostLimitSln", "FormPostLimitSln.csproj", "{2F56A008-82AF-4CBD-887D-3D3AC889B612}"
EndProject
Global
	GlobalSection(SolutionConfigurationPlatforms) = preSolution
		Debug|Any CPU = Debug|Any CPU
		Release|Any CPU = Release|Any CPU
	EndGlobalSection
	GlobalSection(ProjectConfigurationPlatforms) = postSolution
		{2F56A008-82AF-4CBD-887D-3D3AC889B612}.Debug|Any CPU.ActiveCfg = Debug|Any CPU
		{2F56A008-82AF-4CBD-887D-3D3AC889B612}.Debug|Any CPU.Build.0 = Debug|Any CPU
		{2F56A008-82AF-4CBD-887D-3D3AC889B612}.Release|Any CPU.ActiveCfg = Release|Any CPU
		{2F56A008-82AF-4CBD-887D-3D3AC889B612}.Release|Any CPU.Build.0 = Release|Any CPU
	EndGlobalSection
	GlobalSection(SolutionProperties) = preSolution
		HideSolutionNode = FALSE
	EndGlobalSection
	GlobalSection(ExtensibilityGlobals) = postSolution
		SolutionGuid = {4C9B5981-055B-423A-8C7C-A14C26B20CB0}
	EndGlobalSection
EndGlobal
